
Microsoft Visual Studio Solution File, Format Version 12.00
# Visual Studio Version 17
VisualStudioVersion = 17.5.33424.131
MinimumVisualStudioVersion = 10.0.40219.1
Project("{FAE04EC0-301F-11D3-BF4B-00C04F79EFBC}") = "BaiTapTuan3Socket", "BaiTapTuan3Socket\BaiTapTuan3Socket.csproj", "{8DC72A5E-9498-47DB-AC2D-2CE643B3EDC6}"
EndProject
Global
	GlobalSection(SolutionConfigurationPlatforms) = preSolution
		Debug|Any CPU = Debug|Any CPU
		Release|Any CPU = Release|Any CPU
	EndGlobalSection
	GlobalSection(ProjectConfigurationPlatforms) = postSolution
		{8DC72A5E-9498-47DB-AC2D-2CE643B3EDC6}.Debug|Any CPU.ActiveCfg = Debug|Any CPU
		{8DC72A5E-9498-47DB-AC2D-2CE643B3EDC6}.Debug|Any CPU.Build.0 = Debug|Any CPU
		{8DC72A5E-9498-47DB-AC2D-2CE643B3EDC6}.Release|Any CPU.ActiveCfg = Release|Any CPU
		{8DC72A5E-9498-47DB-AC2D-2CE643B3EDC6}.Release|Any CPU.Build.0 = Release|Any CPU
	EndGlobalSection
	GlobalSection(SolutionProperties) = preSolution
		HideSolutionNode = FALSE
	EndGlobalSection
	GlobalSection(ExtensibilityGlobals) = postSolution
		SolutionGuid = {8461180C-DE6A-4E1F-9959-B102BC880D48}
	EndGlobalSection
EndGlobal
